
Microsoft Visual Studio Solution File, Format Version 12.00
Project("{FAE04EC0-301F-11D3-BF4B-00C04F79EFBC}") = "ProductStore.API", "ProductStore.API\ProductStore.API.csproj", "{D03CDA3C-B5C0-4747-8193-91C71CEF6F72}"
EndProject
Project("{FAE04EC0-301F-11D3-BF4B-00C04F79EFBC}") = "ProductStore.Core", "ProductStore.Core\ProductStore.Core.csproj", "{85836082-82B2-46EE-A4C3-A8252A7CF22A}"
EndProject
Project("{FAE04EC0-301F-11D3-BF4B-00C04F79EFBC}") = "ProductStore.DataAccess", "ProductStore.DataAccess\ProductStore.DataAccess.csproj", "{4D4F8B96-C4B1-4C70-972F-0A74B445F555}"
EndProject
Project("{2150E333-8FDC-42A3-9474-1A3956D46DE8}") = "Solution Items", "Solution Items", "{8168FBF5-5B8B-4141-B213-4ADE519A2B14}"
EndProject
Project("{FAE04EC0-301F-11D3-BF4B-00C04F79EFBC}") = "ProductStore.App", "ProductStore.App\ProductStore.App.csproj", "{9022E221-0717-4A86-B872-CC5D706C7BC1}"
EndProject
Global
	GlobalSection(SolutionConfigurationPlatforms) = preSolution
		Debug|Any CPU = Debug|Any CPU
		Release|Any CPU = Release|Any CPU
	EndGlobalSection
	GlobalSection(ProjectConfigurationPlatforms) = postSolution
		{D03CDA3C-B5C0-4747-8193-91C71CEF6F72}.Debug|Any CPU.ActiveCfg = Debug|Any CPU
		{D03CDA3C-B5C0-4747-8193-91C71CEF6F72}.Debug|Any CPU.Build.0 = Debug|Any CPU
		{D03CDA3C-B5C0-4747-8193-91C71CEF6F72}.Release|Any CPU.ActiveCfg = Release|Any CPU
		{D03CDA3C-B5C0-4747-8193-91C71CEF6F72}.Release|Any CPU.Build.0 = Release|Any CPU
		{85836082-82B2-46EE-A4C3-A8252A7CF22A}.Debug|Any CPU.ActiveCfg = Debug|Any CPU
		{85836082-82B2-46EE-A4C3-A8252A7CF22A}.Debug|Any CPU.Build.0 = Debug|Any CPU
		{85836082-82B2-46EE-A4C3-A8252A7CF22A}.Release|Any CPU.ActiveCfg = Release|Any CPU
		{85836082-82B2-46EE-A4C3-A8252A7CF22A}.Release|Any CPU.Build.0 = Release|Any CPU
		{4D4F8B96-C4B1-4C70-972F-0A74B445F555}.Debug|Any CPU.ActiveCfg = Debug|Any CPU
		{4D4F8B96-C4B1-4C70-972F-0A74B445F555}.Debug|Any CPU.Build.0 = Debug|Any CPU
		{4D4F8B96-C4B1-4C70-972F-0A74B445F555}.Release|Any CPU.ActiveCfg = Release|Any CPU
		{4D4F8B96-C4B1-4C70-972F-0A74B445F555}.Release|Any CPU.Build.0 = Release|Any CPU
		{9022E221-0717-4A86-B872-CC5D706C7BC1}.Debug|Any CPU.ActiveCfg = Debug|Any CPU
		{9022E221-0717-4A86-B872-CC5D706C7BC1}.Debug|Any CPU.Build.0 = Debug|Any CPU
		{9022E221-0717-4A86-B872-CC5D706C7BC1}.Release|Any CPU.ActiveCfg = Release|Any CPU
		{9022E221-0717-4A86-B872-CC5D706C7BC1}.Release|Any CPU.Build.0 = Release|Any CPU
	EndGlobalSection
EndGlobal
